
Microsoft Visual Studio Solution File, Format Version 12.00
# Visual Studio Version 16
VisualStudioVersion = 16.0.30907.101
MinimumVisualStudioVersion = 10.0.40219.1
Project("{FAE04EC0-301F-11D3-BF4B-00C04F79EFBC}") = "PickRandomCards", "PickRandomCards\PickRandomCards.csproj", "{0F01B9FD-AF5F-4247-AD3D-04A0C60D3240}"
EndProject
Global
	GlobalSection(SolutionConfigurationPlatforms) = preSolution
		Debug|Any CPU = Debug|Any CPU
		Release|Any CPU = Release|Any CPU
	EndGlobalSection
	GlobalSection(ProjectConfigurationPlatforms) = postSolution
		{0F01B9FD-AF5F-4247-AD3D-04A0C60D3240}.Debug|Any CPU.ActiveCfg = Debug|Any CPU
		{0F01B9FD-AF5F-4247-AD3D-04A0C60D3240}.Debug|Any CPU.Build.0 = Debug|Any CPU
		{0F01B9FD-AF5F-4247-AD3D-04A0C60D3240}.Release|Any CPU.ActiveCfg = Release|Any CPU
		{0F01B9FD-AF5F-4247-AD3D-04A0C60D3240}.Release|Any CPU.Build.0 = Release|Any CPU
	EndGlobalSection
	GlobalSection(SolutionProperties) = preSolution
		HideSolutionNode = FALSE
	EndGlobalSection
	GlobalSection(ExtensibilityGlobals) = postSolution
		SolutionGuid = {C64495A9-FF73-4872-9C27-4063AFA97BA9}
	EndGlobalSection
EndGlobal
